// !$*UTF8*$!
{
	archiveVersion = 1;
	classes = {
	};
	objectVersion = 46;
	objects = {

/* Begin PBXBuildFile section */
		94FAE3CD19C3D1DB0028D5C6 /* AppDelegate.swift in Sources */ = {isa = PBXBuildFile; fileRef = 94FAE3CC19C3D1DB0028D5C6 /* AppDelegate.swift */; };
		94FAE3CF19C3D1DB0028D5C6 /* ViewController.swift in Sources */ = {isa = PBXBuildFile; fileRef = 94FAE3CE19C3D1DB0028D5C6 /* ViewController.swift */; };
		94FAE3D219C3D1DB0028D5C6 /* Main.storyboard in Resources */ = {isa = PBXBuildFile; fileRef = 94FAE3D019C3D1DB0028D5C6 /* Main.storyboard */; };
		94FAE3D419C3D1DB0028D5C6 /* Images.xcassets in Resources */ = {isa = PBXBuildFile; fileRef = 94FAE3D319C3D1DB0028D5C6 /* Images.xcassets */; };
		94FAE3E019C3D1DB0028D5C6 /* GGoggleTests.swift in Sources */ = {isa = PBXBuildFile; fileRef = 94FAE3DF19C3D1DB0028D5C6 /* GGoggleTests.swift */; };
		94FAE3EA19C3D4A00028D5C6 /* AVFoundation.framework in Frameworks */ = {isa = PBXBuildFile; fileRef = 94FAE3E919C3D4A00028D5C6 /* AVFoundation.framework */; };
/* End PBXBuildFile section */

/* Begin PBXContainerItemProxy section */
		94FAE3DA19C3D1DB0028D5C6 /* PBXContainerItemProxy */ = {
			isa = PBXContainerItemProxy;
			containerPortal = 94FAE3BF19C3D1DB0028D5C6 /* Project object */;
			proxyType = 1;
			remoteGlobalIDString = 94FAE3C619C3D1DB0028D5C6;
			remoteInfo = GGoggle;
		};
/* End PBXContainerItemProxy section */

/* Begin PBXFileReference section */
		94FAE3C719C3D1DB0028D5C6 /* GGoggle.app */ = {isa = PBXFileReference; explicitFileType = wrapper.application; includeInIndex = 0; path = GGoggle.app; sourceTree = BUILT_PRODUCTS_DIR; };
		94FAE3CB19C3D1DB0028D5C6 /* Info.plist */ = {isa = PBXFileReference; lastKnownFileType = text.plist.xml; path = Info.plist; sourceTree = "<group>"; };
		94FAE3CC19C3D1DB0028D5C6 /* AppDelegate.swift */ = {isa = PBXFileReference; lastKnownFileType = sourcecode.swift; path = AppDelegate.swift; sourceTree = "<group>"; };
		94FAE3CE19C3D1DB0028D5C6 /* ViewController.swift */ = {isa = PBXFileReference; lastKnownFileType = sourcecode.swift; path = ViewController.swift; sourceTree = "<group>"; };
		94FAE3D119C3D1DB0028D5C6 /* Base */ = {isa = PBXFileReference; lastKnownFileType = file.storyboard; name = Base; path = Base.lproj/Main.storyboard; sourceTree = "<group>"; };
		94FAE3D319C3D1DB0028D5C6 /* Images.xcassets */ = {isa = PBXFileReference; lastKnownFileType = folder.assetcatalog; path = Images.xcassets; sourceTree = "<group>"; };
		94FAE3D919C3D1DB0028D5C6 /* GGoggleTests.xctest */ = {isa = PBXFileReference; explicitFileType = wrapper.cfbundle; includeInIndex = 0; path = GGoggleTests.xctest; sourceTree = BUILT_PRODUCTS_DIR; };
		94FAE3DE19C3D1DB0028D5C6 /* Info.plist */ = {isa = PBXFileReference; lastKnownFileType = text.plist.xml; path = Info.plist; sourceTree = "<group>"; };
		94FAE3DF19C3D1DB0028D5C6 /* GGoggleTests.swift */ = {isa = PBXFileReference; lastKnownFileType = sourcecode.swift; path = GGoggleTests.swift; sourceTree = "<group>"; };
		94FAE3E919C3D4A00028D5C6 /* AVFoundation.framework */ = {isa = PBXFileReference; lastKnownFileType = wrapper.framework; name = AVFoundation.framework; path = System/Library/Frameworks/AVFoundation.framework; sourceTree = SDKROOT; };
/* End PBXFileReference section */

/* Begin PBXFrameworksBuildPhase section */
		94FAE3C419C3D1DB0028D5C6 /* Frameworks */ = {
			isa = PBXFrameworksBuildPhase;
			buildActionMask = 2147483647;
			files = (
				94FAE3EA19C3D4A00028D5C6 /* AVFoundation.framework in Frameworks */,
			);
			runOnlyForDeploymentPostprocessing = 0;
		};
		94FAE3D619C3D1DB0028D5C6 /* Frameworks */ = {
			isa = PBXFrameworksBuildPhase;
			buildActionMask = 2147483647;
			files = (
			);
			runOnlyForDeploymentPostprocessing = 0;
		};
/* End PBXFrameworksBuildPhase section */

/* Begin PBXGroup section */
		94FAE3BE19C3D1DB0028D5C6 = {
			isa = PBXGroup;
			children = (
				94FAE3E919C3D4A00028D5C6 /* AVFoundation.framework */,
				94FAE3C919C3D1DB0028D5C6 /* GGoggle */,
				94FAE3DC19C3D1DB0028D5C6 /* GGoggleTests */,
				94FAE3C819C3D1DB0028D5C6 /* Products */,
			);
			sourceTree = "<group>";
		};
		94FAE3C819C3D1DB0028D5C6 /* Products */ = {
			isa = PBXGroup;
			children = (
				94FAE3C719C3D1DB0028D5C6 /* GGoggle.app */,
				94FAE3D919C3D1DB0028D5C6 /* GGoggleTests.xctest */,
			);
			name = Products;
			sourceTree = "<group>";
		};
		94FAE3C919C3D1DB0028D5C6 /* GGoggle */ = {
			isa = PBXGroup;
			children = (
				94FAE3CC19C3D1DB0028D5C6 /* AppDelegate.swift */,
				94FAE3CE19C3D1DB0028D5C6 /* ViewController.swift */,
				94FAE3D019C3D1DB0028D5C6 /* Main.storyboard */,
				94FAE3D319C3D1DB0028D5C6 /* Images.xcassets */,
				94FAE3CA19C3D1DB0028D5C6 /* Supporting Files */,
			);
			path = GGoggle;
			sourceTree = "<group>";
		};
		94FAE3CA19C3D1DB0028D5C6 /* Supporting Files */ = {
			isa = PBXGroup;
			children = (
				94FAE3CB19C3D1DB0028D5C6 /* Info.plist */,
			);
			name = "Supporting Files";
			sourceTree = "<group>";
		};
		94FAE3DC19C3D1DB0028D5C6 /* GGoggleTests */ = {
			isa = PBXGroup;
			children = (
				94FAE3DF19C3D1DB0028D5C6 /* GGoggleTests.swift */,
				94FAE3DD19C3D1DB0028D5C6 /* Supporting Files */,
			);
			path = GGoggleTests;
			sourceTree = "<group>";
		};
		94FAE3DD19C3D1DB0028D5C6 /* Supporting Files */ = {
			isa = PBXGroup;
			children = (
				94FAE3DE19C3D1DB0028D5C6 /* Info.plist */,
			);
			name = "Supporting Files";
			sourceTree = "<group>";
		};
/* End PBXGroup section */

/* Begin PBXNativeTarget section */
		94FAE3C619C3D1DB0028D5C6 /* GGoggle */ = {
			isa = PBXNativeTarget;
			buildConfigurationList = 94FAE3E319C3D1DB0028D5C6 /* Build configuration list for PBXNativeTarget "GGoggle" */;
			buildPhases = (
				94FAE3C319C3D1DB0028D5C6 /* Sources */,
				94FAE3C419C3D1DB0028D5C6 /* Frameworks */,
				94FAE3C519C3D1DB0028D5C6 /* Resources */,
			);
			buildRules = (
			);
			dependencies = (
			);
			name = GGoggle;
			productName = GGoggle;
			productReference = 94FAE3C719C3D1DB0028D5C6 /* GGoggle.app */;
			productType = "com.apple.product-type.application";
		};
		94FAE3D819C3D1DB0028D5C6 /* GGoggleTests */ = {
			isa = PBXNativeTarget;
			buildConfigurationList = 94FAE3E619C3D1DB0028D5C6 /* Build configuration list for PBXNativeTarget "GGoggleTests" */;
			buildPhases = (
				94FAE3D519C3D1DB0028D5C6 /* Sources */,
				94FAE3D619C3D1DB0028D5C6 /* Frameworks */,
				94FAE3D719C3D1DB0028D5C6 /* Resources */,
			);
			buildRules = (
			);
			dependencies = (
				94FAE3DB19C3D1DB0028D5C6 /* PBXTargetDependency */,
			);
			name = GGoggleTests;
			productName = GGoggleTests;
			productReference = 94FAE3D919C3D1DB0028D5C6 /* GGoggleTests.xctest */;
			productType = "com.apple.product-type.bundle.unit-test";
		};
/* End PBXNativeTarget section */

/* Begin PBXProject section */
		94FAE3BF19C3D1DB0028D5C6 /* Project object */ = {
			isa = PBXProject;
			attributes = {
				LastUpgradeCheck = 0600;
				ORGANIZATIONNAME = AART;
				TargetAttributes = {
					94FAE3C619C3D1DB0028D5C6 = {
						CreatedOnToolsVersion = 6.0;
						DevelopmentTeam = 653W7TC8KR;
					};
					94FAE3D819C3D1DB0028D5C6 = {
						CreatedOnToolsVersion = 6.0;
						TestTargetID = 94FAE3C619C3D1DB0028D5C6;
					};
				};
			};
			buildConfigurationList = 94FAE3C219C3D1DB0028D5C6 /* Build configuration list for PBXProject "GGoggle" */;
			compatibilityVersion = "Xcode 3.2";
			developmentRegion = English;
			hasScannedForEncodings = 0;
			knownRegions = (
				en,
				Base,
			);
			mainGroup = 94FAE3BE19C3D1DB0028D5C6;
			productRefGroup = 94FAE3C819C3D1DB0028D5C6 /* Products */;
			projectDirPath = "";
			projectRoot = "";
			targets = (
				94FAE3C619C3D1DB0028D5C6 /* GGoggle */,
				94FAE3D819C3D1DB0028D5C6 /* GGoggleTests */,
			);
		};
/* End PBXProject section */

/* Begin PBXResourcesBuildPhase section */
		94FAE3C519C3D1DB0028D5C6 /* Resources */ = {
			isa = PBXResourcesBuildPhase;
			buildActionMask = 2147483647;
			files = (
				94FAE3D219C3D1DB0028D5C6 /* Main.storyboard in Resources */,
				94FAE3D419C3D1DB0028D5C6 /* Images.xcassets in Resources */,
			);
			runOnlyForDeploymentPostprocessing = 0;
		};
		94FAE3D719C3D1DB0028D5C6 /* Resources */ = {
			isa = PBXResourcesBuildPhase;
			buildActionMask = 2147483647;
			files = (
			);
			runOnlyForDeploymentPostprocessing = 0;
		};
/* End PBXResourcesBuildPhase section */

/* Begin PBXSourcesBuildPhase section */
		94FAE3C319C3D1DB0028D5C6 /* Sources */ = {
			isa = PBXSourcesBuildPhase;
			buildActionMask = 2147483647;
			files = (
				94FAE3CF19C3D1DB0028D5C6 /* ViewController.swift in Sources */,
				94FAE3CD19C3D1DB0028D5C6 /* AppDelegate.swift in Sources */,
			);
			runOnlyForDeploymentPostprocessing = 0;
		};
		94FAE3D519C3D1DB0028D5C6 /* Sources */ = {
			isa = PBXSourcesBuildPhase;
			buildActionMask = 2147483647;
			files = (
				94FAE3E019C3D1DB0028D5C6 /* GGoggleTests.swift in Sources */,
			);
			runOnlyForDeploymentPostprocessing = 0;
		};
/* End PBXSourcesBuildPhase section */

/* Begin PBXTargetDependency section */
		94FAE3DB19C3D1DB0028D5C6 /* PBXTargetDependency */ = {
			isa = PBXTargetDependency;
			target = 94FAE3C619C3D1DB0028D5C6 /* GGoggle */;
			targetProxy = 94FAE3DA19C3D1DB0028D5C6 /* PBXContainerItemProxy */;
		};
/* End PBXTargetDependency section */

/* Begin PBXVariantGroup section */
		94FAE3D019C3D1DB0028D5C6 /* Main.storyboard */ = {
			isa = PBXVariantGroup;
			children = (
				94FAE3D119C3D1DB0028D5C6 /* Base */,
			);
			name = Main.storyboard;
			sourceTree = "<group>";
		};
/* End PBXVariantGroup section */

/* Begin XCBuildConfiguration section */
		94FAE3E119C3D1DB0028D5C6 /* Debug */ = {
			isa = XCBuildConfiguration;
			buildSettings = {
				ALWAYS_SEARCH_USER_PATHS = NO;
				CLANG_CXX_LANGUAGE_STANDARD = "gnu++0x";
				CLANG_CXX_LIBRARY = "libc++";
				CLANG_ENABLE_MODULES = YES;
				CLANG_ENABLE_OBJC_ARC = YES;
				CLANG_WARN_BOOL_CONVERSION = YES;
				CLANG_WARN_CONSTANT_CONVERSION = YES;
				CLANG_WARN_DIRECT_OBJC_ISA_USAGE = YES_ERROR;
				CLANG_WARN_EMPTY_BODY = YES;
				CLANG_WARN_ENUM_CONVERSION = YES;
				CLANG_WARN_INT_CONVERSION = YES;
				CLANG_WARN_OBJC_ROOT_CLASS = YES_ERROR;
				CLANG_WARN_UNREACHABLE_CODE = YES;
				CLANG_WARN__DUPLICATE_METHOD_MATCH = YES;
				"CODE_SIGN_IDENTITY[sdk=iphoneos*]" = "iPhone Developer";
				COPY_PHASE_STRIP = NO;
				ENABLE_STRICT_OBJC_MSGSEND = YES;
				GCC_C_LANGUAGE_STANDARD = gnu99;
				GCC_DYNAMIC_NO_PIC = NO;
				GCC_OPTIMIZATION_LEVEL = 0;
				GCC_PREPROCESSOR_DEFINITIONS = (
					"DEBUG=1",
					"$(inherited)",
				);
				GCC_SYMBOLS_PRIVATE_EXTERN = NO;
				GCC_WARN_64_TO_32_BIT_CONVERSION = YES;
				GCC_WARN_ABOUT_RETURN_TYPE = YES_ERROR;
				GCC_WARN_UNDECLARED_SELECTOR = YES;
				GCC_WARN_UNINITIALIZED_AUTOS = YES_AGGRESSIVE;
				GCC_WARN_UNUSED_FUNCTION = YES;
				GCC_WARN_UNUSED_VARIABLE = YES;
				IPHONEOS_DEPLOYMENT_TARGET = 8.0;
				MTL_ENABLE_DEBUG_INFO = YES;
				ONLY_ACTIVE_ARCH = YES;
				SDKROOT = iphoneos;
				SWIFT_OPTIMIZATION_LEVEL = "-Onone";
			};
			name = Debug;
		};
		94FAE3E219C3D1DB0028D5C6 /* Release */ = {
			isa = XCBuildConfiguration;
			buildSettings = {
				ALWAYS_SEARCH_USER_PATHS = NO;
				CLANG_CXX_LANGUAGE_STANDARD = "gnu++0x";
				CLANG_CXX_LIBRARY = "libc++";
				CLANG_ENABLE_MODULES = YES;
				CLANG_ENABLE_OBJC_ARC = YES;
				CLANG_WARN_BOOL_CONVERSION = YES;
				CLANG_WARN_CONSTANT_CONVERSION = YES;
				CLANG_WARN_DIRECT_OBJC_ISA_USAGE = YES_ERROR;
				CLANG_WARN_EMPTY_BODY = YES;
				CLANG_WARN_ENUM_CONVERSION = YES;
				CLANG_WARN_INT_CONVERSION = YES;
				CLANG_WARN_OBJC_ROOT_CLASS = YES_ERROR;
				CLANG_WARN_UNREACHABLE_CODE = YES;
				CLANG_WARN__DUPLICATE_METHOD_MATCH = YES;
				"CODE_SIGN_IDENTITY[sdk=iphoneos*]" = "iPhone Developer";
				COPY_PHASE_STRIP = YES;
				ENABLE_NS_ASSERTIONS = NO;
				ENABLE_STRICT_OBJC_MSGSEND = YES;
				GCC_C_LANGUAGE_STANDARD = gnu99;
				GCC_WARN_64_TO_32_BIT_CONVERSION = YES;
				GCC_WARN_ABOUT_RETURN_TYPE = YES_ERROR;
				GCC_WARN_UNDECLARED_SELECTOR = YES;
				GCC_WARN_UNINITIALIZED_AUTOS = YES_AGGRESSIVE;
				GCC_WARN_UNUSED_FUNCTION = YES;
				GCC_WARN_UNUSED_VARIABLE = YES;
				IPHONEOS_DEPLOYMENT_TARGET = 8.0;
				MTL_ENABLE_DEBUG_INFO = NO;
				SDKROOT = iphoneos;
				VALIDATE_PRODUCT = YES;
			};
			name = Release;
		};
		94FAE3E419C3D1DB0028D5C6 /* Debug */ = {
			isa = XCBuildConfiguration;
			buildSettings = {
				ASSETCATALOG_COMPILER_APPICON_NAME = AppIcon;
				ASSETCATALOG_COMPILER_LAUNCHIMAGE_NAME = LaunchImage;
				INFOPLIST_FILE = GGoggle/Info.plist;
				LD_RUNPATH_SEARCH_PATHS = "$(inherited) @executable_path/Frameworks";
				PRODUCT_NAME = "$(TARGET_NAME)";
			};
			name = Debug;
		};
		94FAE3E519C3D1DB0028D5C6 /* Release */ = {
			isa = XCBuildConfiguration;
			buildSettings = {
				ASSETCATALOG_COMPILER_APPICON_NAME = AppIcon;
				ASSETCATALOG_COMPILER_LAUNCHIMAGE_NAME = LaunchImage;
				INFOPLIST_FILE = GGoggle/Info.plist;
				LD_RUNPATH_SEARCH_PATHS = "$(inherited) @executable_path/Frameworks";
				PRODUCT_NAME = "$(TARGET_NAME)";
			};
			name = Release;
		};
		94FAE3E719C3D1DB0028D5C6 /* Debug */ = {
			isa = XCBuildConfiguration;
			buildSettings = {
				BUNDLE_LOADER = "$(TEST_HOST)";
				FRAMEWORK_SEARCH_PATHS = (
					"$(SDKROOT)/Developer/Library/Frameworks",
					"$(inherited)",
				);
				GCC_PREPROCESSOR_DEFINITIONS = (
					"DEBUG=1",
					"$(inherited)",
				);
				INFOPLIST_FILE = GGoggleTests/Info.plist;
				LD_RUNPATH_SEARCH_PATHS = "$(inherited) @executable_path/Frameworks @loader_path/Frameworks";
				PRODUCT_NAME = "$(TARGET_NAME)";
				TEST_HOST = "$(BUILT_PRODUCTS_DIR)/GGoggle.app/GGoggle";
			};
			name = Debug;
		};
		94FAE3E819C3D1DB0028D5C6 /* Release */ = {
			isa = XCBuildConfiguration;
			buildSettings = {
				BUNDLE_LOADER = "$(TEST_HOST)";
				FRAMEWORK_SEARCH_PATHS = (
					"$(SDKROOT)/Developer/Library/Frameworks",
					"$(inherited)",
				);
				INFOPLIST_FILE = GGoggleTests/Info.plist;
				LD_RUNPATH_SEARCH_PATHS = "$(inherited) @executable_path/Frameworks @loader_path/Frameworks";
				PRODUCT_NAME = "$(TARGET_NAME)";
				TEST_HOST = "$(BUILT_PRODUCTS_DIR)/GGoggle.app/GGoggle";
			};
			name = Release;
		};
/* End XCBuildConfiguration section */

/* Begin XCConfigurationList section */
		94FAE3C219C3D1DB0028D5C6 /* Build configuration list for PBXProject "GGoggle" */ = {
			isa = XCConfigurationList;
			buildConfigurations = (
				94FAE3E119C3D1DB0028D5C6 /* Debug */,
				94FAE3E219C3D1DB0028D5C6 /* Release */,
			);
			defaultConfigurationIsVisible = 0;
			defaultConfigurationName = Release;
		};
		94FAE3E319C3D1DB0028D5C6 /* Build configuration list for PBXNativeTarget "GGoggle" */ = {
			isa = XCConfigurationList;
			buildConfigurations = (
				94FAE3E419C3D1DB0028D5C6 /* Debug */,
				94FAE3E519C3D1DB0028D5C6 /* Release */,
			);
			defaultConfigurationIsVisible = 0;
			defaultConfigurationName = Release;
		};
		94FAE3E619C3D1DB0028D5C6 /* Build configuration list for PBXNativeTarget "GGoggleTests" */ = {
			isa = XCConfigurationList;
			buildConfigurations = (
				94FAE3E719C3D1DB0028D5C6 /* Debug */,
				94FAE3E819C3D1DB0028D5C6 /* Release */,
			);
			defaultConfigurationIsVisible = 0;
			defaultConfigurationName = Release;
		};
/* End XCConfigurationList section */
	};
	rootObject = 94FAE3BF19C3D1DB0028D5C6 /* Project object */;
}
